{
  "requires": true,
  "lockfileVersion": 1,
  "dependencies": {
    "@babel/runtime": {
      "version": "7.22.5",
      "resolved": "https://registry.npmjs.org/@babel/runtime/-/runtime-7.22.5.tgz",
      "integrity": "sha512-ecjvYlnAaZ/KVneE/OdKYBYfgXV3Ptu6zQWmgEF7vwKhQnvVS6bjMD2XYgj+SNvQ1GfK/pjgokfPkC/2CO8CuA==",
      "requires": {
        "regenerator-runtime": "^0.13.11"
      }
    },
    "@babel/runtime-corejs3": {
      "version": "7.22.5",
      "resolved": "https://registry.npmjs.org/@babel/runtime-corejs3/-/runtime-corejs3-7.22.5.tgz",
      "integrity": "sha512-TNPDN6aBFaUox2Lu+H/Y1dKKQgr4ucz/FGyCz67RVYLsBpVpUFf1dDngzg+Od8aqbrqwyztkaZjtWCZEUOT8zA==",
      "requires": {
        "core-js-pure": "^3.30.2",
        "regenerator-runtime": "^0.13.11"
      }
    },
    "@form-create/component-elm-checkbox": {
      "version": "2.5.29",
      "resolved": "https://registry.npmjs.org/@form-create/component-elm-checkbox/-/component-elm-checkbox-2.5.29.tgz",
      "integrity": "sha512-jOFHQmJ6HQ3pqc/AzALbV0dtcZRdejkerQKfsJXz/EOkKnH3JJ1rgNps8lhoNo6+9R0ybX3FBN5e53iohs0a5w==",
      "requires": {
        "@form-create/utils": "^2.5.27"
      }
    },
    "@form-create/component-elm-frame": {
      "version": "2.5.27",
      "resolved": "https://registry.npmjs.org/@form-create/component-elm-frame/-/component-elm-frame-2.5.27.tgz",
      "integrity": "sha512-697RpnNm2dDbLiugT+0Q7yFhkhNPlYXskZkMnLzmwBftWi7Cb78v7EZIE/gmVIlAZ3NSqY0mWYM+0ryjQEKQnQ==",
      "requires": {
        "@form-create/utils": "^2.5.27"
      }
    },
    "@form-create/component-elm-group": {
      "version": "2.5.28",
      "resolved": "https://registry.npmjs.org/@form-create/component-elm-group/-/component-elm-group-2.5.28.tgz",
      "integrity": "sha512-6k9r4R9kPvTaJLmMlHrEfTYQmXVB4N3hDI3d5RqiEX9RdSyBcqdssKvW9O03susNWGbQFRJ5tBAMItURDZJAow==",
      "requires": {
        "@form-create/utils": "^2.5.27"
      }
    },
    "@form-create/component-elm-radio": {
      "version": "2.5.27",
      "resolved": "https://registry.npmjs.org/@form-create/component-elm-radio/-/component-elm-radio-2.5.27.tgz",
      "integrity": "sha512-fZWVW+JcL4I8gPrrR9Snt+sd/r6Ek9jGDJEqboqQ+HaYgXTptmvLLigefHqxUU3qize4iDfTJoJ16K0sS2+91g==",
      "requires": {
        "@form-create/utils": "^2.5.27"
      }
    },
    "@form-create/component-elm-select": {
      "version": "2.5.27",
      "resolved": "https://registry.npmjs.org/@form-create/component-elm-select/-/component-elm-select-2.5.27.tgz",
      "integrity": "sha512-xjI5dImAY51jHTZEBoMIk4+0GfF994IqW/cvj3GHP2zPf2NkKfI1OUVnn55DhlYZg04aMSGpvInETSLeCesE/g==",
      "requires": {
        "@form-create/utils": "^2.5.27"
      }
    },
    "@form-create/component-elm-tree": {
      "version": "2.5.27",
      "resolved": "https://registry.npmjs.org/@form-create/component-elm-tree/-/component-elm-tree-2.5.27.tgz",
      "integrity": "sha512-ATzz8hmzRI6XXcVpXywfuldJuCH5s3F+OJAUfSQaTP97+9QhBqyc6CDKotO5ZgAGNfKhLbZ0Ns+tFpFfrju9ZA==",
      "requires": {
        "@form-create/utils": "^2.5.27"
      }
    },
    "@form-create/component-elm-upload": {
      "version": "2.5.29",
      "resolved": "https://registry.npmjs.org/@form-create/component-elm-upload/-/component-elm-upload-2.5.29.tgz",
      "integrity": "sha512-/bP/HFeB009zKHYS9lwA8jST4Hy+UaykRXriqFv31Ly9BeISJVA66XyuNXmYADwc/q9krwVC4cuy5rKw/2vhsw==",
      "requires": {
        "@form-create/utils": "^2.5.27"
      }
    },
    "@form-create/component-subform": {
      "version": "2.5.25",
      "resolved": "https://registry.npmjs.org/@form-create/component-subform/-/component-subform-2.5.25.tgz",
      "integrity": "sha512-puGWWxSOeII4y4mCNxrKF/eH4nY1AQAx87VchzErLmemwF6TtNBLBsJLCCmFAVLYn1koYU5nNu5Y2yG9s2CKlQ=="
    },
    "@form-create/component-wangeditor": {
      "version": "2.5.15",
      "resolved": "https://registry.npmjs.org/@form-create/component-wangeditor/-/component-wangeditor-2.5.15.tgz",
      "integrity": "sha512-U4MUcvaBNEcNbIBeODxYuMlLYR+lZ1zCaZvLP3I+3SOd0KQVjvfRozZku64ukIVxC8Stev/ZNWqpAVsdvFLGaA==",
      "requires": {
        "wangeditor": "^4.6.0"
      }
    },
    "@form-create/core": {
      "version": "2.5.29",
      "resolved": "https://registry.npmjs.org/@form-create/core/-/core-2.5.29.tgz",
      "integrity": "sha512-xXHyLc8jRmXfHRf7xcUrTDx7NeXPxcJU9r2QSwNRszp6bF1HmIHlXuDWr+pqkXp4r5d9nZ87KAi2z2J8MRkF9Q==",
      "requires": {
        "@form-create/utils": "^2.5.27"
      }
    },
    "@form-create/designer": {
      "version": "1.0.10",
      "resolved": "https://registry.npmjs.org/@form-create/designer/-/designer-1.0.10.tgz",
      "integrity": "sha512-Lr87K1mHQz5UXcLbZ6ieA/FgJBM1ugAw8MjsF5/WhU6a2Mna2YHQ2ZywL1u+fc0t4Ei+VFBhXUFBvOqUuiseGQ==",
      "requires": {
        "@form-create/component-wangeditor": "^2.5.15",
        "@form-create/element-ui": "^2.5.19",
        "@form-create/utils": "^2.5.15"
      }
    },
    "@form-create/element-ui": {
      "version": "2.5.29",
      "resolved": "https://registry.npmjs.org/@form-create/element-ui/-/element-ui-2.5.29.tgz",
      "integrity": "sha512-UADeu7EuEOqIqjJwB56L65laJLekA/NA59S6ceZt3UpWtdT9UZ5Adj9eJrQh93O6bYLf1X5DyeMurT6sXN9s9g==",
      "requires": {
        "@form-create/component-elm-checkbox": "^2.5.29",
        "@form-create/component-elm-frame": "^2.5.27",
        "@form-create/component-elm-group": "^2.5.28",
        "@form-create/component-elm-radio": "^2.5.27",
        "@form-create/component-elm-select": "^2.5.27",
        "@form-create/component-elm-tree": "^2.5.27",
        "@form-create/component-elm-upload": "^2.5.29",
        "@form-create/component-subform": "^2.5.25",
        "@form-create/core": "^2.5.29",
        "@form-create/utils": "^2.5.27"
      }
    },
    "@form-create/utils": {
      "version": "2.5.27",
      "resolved": "https://registry.npmjs.org/@form-create/utils/-/utils-2.5.27.tgz",
      "integrity": "sha512-QLzenitKzakxQ8bK8yFYd/9n4eT4E9jKkEneU0yhbjr0ter5uqguGGNJP7gI8waysRAS49VSjQOAY0b4l7mWvg=="
    },
    "core-js-pure": {
      "version": "3.31.0",
      "resolved": "https://registry.npmjs.org/core-js-pure/-/core-js-pure-3.31.0.tgz",
      "integrity": "sha512-/AnE9Y4OsJZicCzIe97JP5XoPKQJfTuEG43aEVLFJGOJpyqELod+pE6LEl63DfG1Mp8wX97LDaDpy1GmLEUxlg=="
    },
    "regenerator-runtime": {
      "version": "0.13.11",
      "resolved": "https://registry.npmjs.org/regenerator-runtime/-/regenerator-runtime-0.13.11.tgz",
      "integrity": "sha512-kY1AZVr2Ra+t+piVaJ4gxaFaReZVH40AKNo7UCX6W+dEwBo/2oZJzqfuN1qLq1oL45o56cPaTXELwrTh8Fpggg=="
    },
    "tslib": {
      "version": "2.6.0",
      "resolved": "https://registry.npmjs.org/tslib/-/tslib-2.6.0.tgz",
      "integrity": "sha512-7At1WUettjcSRHXCyYtTselblcHl9PJFFVKiCAy/bY97+BPZXSQ2wbq0P9s8tK2G7dFQfNnlJnPAiArVBVBsfA=="
    },
    "wangeditor": {
      "version": "4.7.15",
      "resolved": "https://registry.npmjs.org/wangeditor/-/wangeditor-4.7.15.tgz",
      "integrity": "sha512-aPTdREd8BxXVyJ5MI+LU83FQ7u1EPd341iXIorRNYSOvoimNoZ4nPg+yn3FGbB93/owEa6buLw8wdhYnMCJQLg==",
      "requires": {
        "@babel/runtime": "^7.11.2",
        "@babel/runtime-corejs3": "^7.11.2",
        "tslib": "^2.1.0"
      }
    }
  }
}
